
Microsoft Visual Studio Solution File, Format Version 12.00
# Visual Studio Version 17
VisualStudioVersion = 17.5.33414.496
MinimumVisualStudioVersion = 10.0.40219.1
Project("{9A19103F-16F7-4668-BE54-9A1E7A4F7556}") = "SmugMacros", "SmugMacros.csproj", "{B8E220CA-F71D-4B00-AE06-08A1D492C91F}"
EndProject
Project("{9A19103F-16F7-4668-BE54-9A1E7A4F7556}") = "SmugBase", "..\SmugSystems\SmugBase\SmugBase.csproj", "{4F8C06AD-0882-405D-A3BD-E91AA34A4ED0}"
EndProject
Project("{2150E333-8FDC-42A3-9474-1A3956D46DE8}") = "Solution Items", "Solution Items", "{E515BDDC-333F-4EF5-94BA-BCAAFC3B817F}"
	ProjectSection(SolutionItems) = preProject
		.editorconfig = .editorconfig
	EndProjectSection
EndProject
Global
	GlobalSection(SolutionConfigurationPlatforms) = preSolution
		Debug|Any CPU = Debug|Any CPU
		Release|Any CPU = Release|Any CPU
	EndGlobalSection
	GlobalSection(ProjectConfigurationPlatforms) = postSolution
		{B8E220CA-F71D-4B00-AE06-08A1D492C91F}.Debug|Any CPU.ActiveCfg = Debug|Any CPU
		{B8E220CA-F71D-4B00-AE06-08A1D492C91F}.Debug|Any CPU.Build.0 = Debug|Any CPU
		{B8E220CA-F71D-4B00-AE06-08A1D492C91F}.Release|Any CPU.ActiveCfg = Release|Any CPU
		{B8E220CA-F71D-4B00-AE06-08A1D492C91F}.Release|Any CPU.Build.0 = Release|Any CPU
		{4F8C06AD-0882-405D-A3BD-E91AA34A4ED0}.Debug|Any CPU.ActiveCfg = Debug|Any CPU
		{4F8C06AD-0882-405D-A3BD-E91AA34A4ED0}.Debug|Any CPU.Build.0 = Debug|Any CPU
		{4F8C06AD-0882-405D-A3BD-E91AA34A4ED0}.Release|Any CPU.ActiveCfg = Release|Any CPU
		{4F8C06AD-0882-405D-A3BD-E91AA34A4ED0}.Release|Any CPU.Build.0 = Release|Any CPU
	EndGlobalSection
	GlobalSection(SolutionProperties) = preSolution
		HideSolutionNode = FALSE
	EndGlobalSection
	GlobalSection(ExtensibilityGlobals) = postSolution
		SolutionGuid = {E6FAFD23-036D-477C-87E5-2B1AF1EEE189}
	EndGlobalSection
EndGlobal
